
Microsoft Visual Studio Solution File, Format Version 12.00
# Visual Studio Version 16
VisualStudioVersion = 25.0.1705.4
MinimumVisualStudioVersion = 10.0.40219.1
Project("{FAE04EC0-301F-11D3-BF4B-00C04F79EFBC}") = "ICE_HOCKEY_SIMULATOR", "ICE_HOCKEY_SIMULATOR\ICE_HOCKEY_SIMULATOR.csproj", "{48B8A2BE-6E06-4407-B6FB-F2A84AE8E141}"
EndProject
Global
	GlobalSection(SolutionConfigurationPlatforms) = preSolution
		Debug|Any CPU = Debug|Any CPU
		Release|Any CPU = Release|Any CPU
	EndGlobalSection
	GlobalSection(ProjectConfigurationPlatforms) = postSolution
		{48B8A2BE-6E06-4407-B6FB-F2A84AE8E141}.Debug|Any CPU.ActiveCfg = Debug|Any CPU
		{48B8A2BE-6E06-4407-B6FB-F2A84AE8E141}.Debug|Any CPU.Build.0 = Debug|Any CPU
		{48B8A2BE-6E06-4407-B6FB-F2A84AE8E141}.Release|Any CPU.ActiveCfg = Release|Any CPU
		{48B8A2BE-6E06-4407-B6FB-F2A84AE8E141}.Release|Any CPU.Build.0 = Release|Any CPU
	EndGlobalSection
	GlobalSection(SolutionProperties) = preSolution
		HideSolutionNode = FALSE
	EndGlobalSection
	GlobalSection(ExtensibilityGlobals) = postSolution
		SolutionGuid = {D05BC6D4-5CDF-46D7-97FF-53AF2E02058B}
	EndGlobalSection
EndGlobal
